# This file is automatically @generated by Cargo.
# It is not intended for manual editing.
version = 3

[[package]]
name = "ad9959"
version = "0.3.0"
dependencies = [
 "bit_field",
 "bitflags 2.6.0",
 "bytemuck",
 "embedded-hal 0.2.7",
]

[[package]]
name = "atomic-polyfill"
version = "1.0.3"
source = "registry+https://github.com/rust-lang/crates.io-index"
checksum = "8cf2bce30dfe09ef0bfaef228b9d414faaf7e563035494d7fe092dba54b300f4"
dependencies = [
 "critical-section",
]

[[package]]
name = "autocfg"
version = "1.4.0"
source = "registry+https://github.com/rust-lang/crates.io-index"
checksum = "ace50bade8e6234aa140d9a2f552bbee1db4d353f69b8217bc503490fc1a9f26"

[[package]]
name = "bare-metal"
version = "0.2.5"
source = "registry+https://github.com/rust-lang/crates.io-index"
checksum = "5deb64efa5bd81e31fcd1938615a6d98c82eafcbcd787162b6f63b91d6bac5b3"
dependencies = [
 "rustc_version 0.2.3",
]

[[package]]
name = "bare-metal"
version = "1.0.0"
source = "registry+https://github.com/rust-lang/crates.io-index"
checksum = "f8fe8f5a8a398345e52358e18ff07cc17a568fbca5c6f73873d3a62056309603"

[[package]]
name = "bit_field"
version = "0.10.2"
source = "registry+https://github.com/rust-lang/crates.io-index"
checksum = "dc827186963e592360843fb5ba4b973e145841266c1357f7180c43526f2e5b61"

[[package]]
name = "bitfield"
version = "0.13.2"
source = "registry+https://github.com/rust-lang/crates.io-index"
checksum = "46afbd2983a5d5a7bd740ccb198caf5b82f45c40c09c0eed36052d91cb92e719"

[[package]]
name = "bitflags"
version = "1.3.2"
source = "registry+https://github.com/rust-lang/crates.io-index"
checksum = "bef38d45163c2f1dde094a7dfd33ccf595c92905c8f8f4fdc18d06fb1037718a"

[[package]]
name = "bitflags"
version = "2.6.0"
source = "registry+https://github.com/rust-lang/crates.io-index"
checksum = "b048fb63fd8b5923fc5aa7b340d8e156aec7ec02f0c78fa8a6ddc2613f6f71de"

[[package]]
name = "built"
version = "0.7.5"
source = "registry+https://github.com/rust-lang/crates.io-index"
checksum = "c360505aed52b7ec96a3636c3f039d99103c37d1d9b4f7a8c743d3ea9ffcd03b"
dependencies = [
 "git2",
]

[[package]]
name = "bytemuck"
version = "1.19.0"
source = "registry+https://github.com/rust-lang/crates.io-index"
checksum = "8334215b81e418a0a7bdb8ef0849474f40bb10c8b71f1c4ed315cff49f32494d"

[[package]]
name = "byteorder"
version = "1.5.0"
source = "registry+https://github.com/rust-lang/crates.io-index"
checksum = "1fd0f2584146f6f2ef48085050886acf353beff7305ebd1ae69500e27c67f64b"

[[package]]
name = "cast"
version = "0.3.0"
source = "registry+https://github.com/rust-lang/crates.io-index"
checksum = "37b2a672a2cb129a2e41c10b1224bb368f9f37a2b16b612598138befd7b37eb5"

[[package]]
name = "cc"
version = "1.1.31"
source = "registry+https://github.com/rust-lang/crates.io-index"
checksum = "c2e7962b54006dcfcc61cb72735f4d89bb97061dd6a7ed882ec6b8ee53714c6f"
dependencies = [
 "jobserver",
 "libc",
 "shlex",
]

[[package]]
name = "cfg-if"
version = "1.0.0"
source = "registry+https://github.com/rust-lang/crates.io-index"
checksum = "baf1de4339761588bc0619e3cbc0120ee582ebb74b53b4efbf79117bd2da40fd"

[[package]]
name = "cobs"
version = "0.2.3"
source = "registry+https://github.com/rust-lang/crates.io-index"
checksum = "67ba02a97a2bd10f4b59b25c7973101c79642302776489e030cd13cdab09ed15"

[[package]]
name = "cortex-m"
version = "0.7.7"
source = "registry+https://github.com/rust-lang/crates.io-index"
checksum = "8ec610d8f49840a5b376c69663b6369e71f4b34484b9b2eb29fb918d92516cb9"
dependencies = [
 "bare-metal 0.2.5",
 "bitfield",
 "critical-section",
 "embedded-hal 0.2.7",
 "volatile-register",
]

[[package]]
name = "cortex-m-rt"
version = "0.7.5"
source = "registry+https://github.com/rust-lang/crates.io-index"
checksum = "801d4dec46b34c299ccf6b036717ae0fce602faa4f4fe816d9013b9a7c9f5ba6"
dependencies = [
 "cortex-m-rt-macros",
]

[[package]]
name = "cortex-m-rt-macros"
version = "0.7.5"
source = "registry+https://github.com/rust-lang/crates.io-index"
checksum = "e37549a379a9e0e6e576fd208ee60394ccb8be963889eebba3ffe0980364f472"
dependencies = [
 "proc-macro2",
 "quote",
 "syn 2.0.87",
]

[[package]]
name = "critical-section"
version = "1.2.0"
source = "registry+https://github.com/rust-lang/crates.io-index"
checksum = "790eea4361631c5e7d22598ecd5723ff611904e3344ce8720784c93e3d83d40b"

[[package]]
name = "darling"
version = "0.20.10"
source = "registry+https://github.com/rust-lang/crates.io-index"
checksum = "6f63b86c8a8826a49b8c21f08a2d07338eec8d900540f8630dc76284be802989"
dependencies = [
 "darling_core",
 "darling_macro",
]

[[package]]
name = "darling_core"
version = "0.20.10"
source = "registry+https://github.com/rust-lang/crates.io-index"
checksum = "95133861a8032aaea082871032f5815eb9e98cef03fa916ab4500513994df9e5"
dependencies = [
 "fnv",
 "ident_case",
 "proc-macro2",
 "quote",
 "strsim",
 "syn 2.0.87",
]

[[package]]
name = "darling_macro"
version = "0.20.10"
source = "registry+https://github.com/rust-lang/crates.io-index"
checksum = "d336a2a514f6ccccaa3e09b02d41d35330c07ddf03a62165fcec10bb561c7806"
dependencies = [
 "darling_core",
 "quote",
 "syn 2.0.87",
]

[[package]]
name = "embassy-futures"
version = "0.1.1"
source = "registry+https://github.com/rust-lang/crates.io-index"
checksum = "1f878075b9794c1e4ac788c95b728f26aa6366d32eeb10c7051389f898f7d067"

[[package]]
name = "embedded-dma"
version = "0.2.0"
source = "registry+https://github.com/rust-lang/crates.io-index"
checksum = "994f7e5b5cb23521c22304927195f236813053eb9c065dd2226a32ba64695446"
dependencies = [
 "stable_deref_trait",
]

[[package]]
name = "embedded-hal"
version = "0.2.7"
source = "registry+https://github.com/rust-lang/crates.io-index"
checksum = "35949884794ad573cf46071e41c9b60efb0cb311e3ca01f7af807af1debc66ff"
dependencies = [
 "nb 0.1.3",
 "void",
]

[[package]]
name = "embedded-hal"
version = "1.0.0"
source = "registry+https://github.com/rust-lang/crates.io-index"
checksum = "361a90feb7004eca4019fb28352a9465666b24f840f5c3cddf0ff13920590b89"

[[package]]
name = "embedded-hal-async"
version = "1.0.0"
source = "registry+https://github.com/rust-lang/crates.io-index"
checksum = "0c4c685bbef7fe13c3c6dd4da26841ed3980ef33e841cddfa15ce8a8fb3f1884"
dependencies = [
 "embedded-hal 1.0.0",
]

[[package]]
name = "embedded-io"
version = "0.6.1"
source = "registry+https://github.com/rust-lang/crates.io-index"
checksum = "edd0f118536f44f5ccd48bcb8b111bdc3de888b58c74639dfb034a357d0f206d"

[[package]]
name = "embedded-nal"
version = "0.8.0"
source = "registry+https://github.com/rust-lang/crates.io-index"
checksum = "b8a943fad5ed3d3f8a00f1e80f6bba371f1e7f0df28ec38477535eb318dc19cc"
dependencies = [
 "nb 1.1.0",
 "no-std-net",
]

[[package]]
name = "embedded-storage"
version = "0.3.1"
source = "registry+https://github.com/rust-lang/crates.io-index"
checksum = "a21dea9854beb860f3062d10228ce9b976da520a73474aed3171ec276bc0c032"

[[package]]
name = "embedded-storage-async"
version = "0.4.1"
source = "registry+https://github.com/rust-lang/crates.io-index"
checksum = "1763775e2323b7d5f0aa6090657f5e21cfa02ede71f5dc40eead06d64dcd15cc"
dependencies = [
 "embedded-storage",
]

[[package]]
name = "embedded-time"
version = "0.12.1"
source = "registry+https://github.com/rust-lang/crates.io-index"
checksum = "d7a4b4d10ac48d08bfe3db7688c402baadb244721f30a77ce360bd24c3dffe58"
dependencies = [
 "num",
]

[[package]]
name = "enum-iterator"
version = "2.1.0"
source = "registry+https://github.com/rust-lang/crates.io-index"
checksum = "c280b9e6b3ae19e152d8e31cf47f18389781e119d4013a2a2bb0180e5facc635"
dependencies = [
 "enum-iterator-derive",
]

[[package]]
name = "enum-iterator-derive"
version = "1.4.0"
source = "registry+https://github.com/rust-lang/crates.io-index"
checksum = "a1ab991c1362ac86c61ab6f556cff143daa22e5a15e4e189df818b2fd19fe65b"
dependencies = [
 "proc-macro2",
 "quote",
 "syn 2.0.87",
]

[[package]]
name = "equivalent"
version = "1.0.1"
source = "registry+https://github.com/rust-lang/crates.io-index"
checksum = "5443807d6dff69373d433ab9ef5378ad8df50ca6298caf15de6e52e24aaf54d5"

[[package]]
name = "fnv"
version = "1.0.7"
source = "registry+https://github.com/rust-lang/crates.io-index"
checksum = "3f9eec918d3f24069decb9af1554cad7c880e2da24a9afd88aca000531ab82c1"

[[package]]
name = "form_urlencoded"
version = "1.2.1"
source = "registry+https://github.com/rust-lang/crates.io-index"
checksum = "e13624c2627564efccf4934284bdd98cbaa14e79b0b5a141218e507b3a823456"
dependencies = [
 "percent-encoding",
]

[[package]]
name = "fugit"
version = "0.3.7"
source = "registry+https://github.com/rust-lang/crates.io-index"
checksum = "17186ad64927d5ac8f02c1e77ccefa08ccd9eaa314d5a4772278aa204a22f7e7"
dependencies = [
 "gcd",
]

[[package]]
name = "futures-core"
version = "0.3.31"
source = "registry+https://github.com/rust-lang/crates.io-index"
checksum = "05f29059c0c2090612e8d742178b0580d2dc940c837851ad723096f87af6663e"

[[package]]
name = "futures-task"
version = "0.3.31"
source = "registry+https://github.com/rust-lang/crates.io-index"
checksum = "f90f7dce0722e95104fcb095585910c0977252f286e354b5e3bd38902cd99988"

[[package]]
name = "futures-util"
version = "0.3.31"
source = "registry+https://github.com/rust-lang/crates.io-index"
checksum = "9fa08315bb612088cc391249efdc3bc77536f16c91f6cf495e6fbe85b20a4a81"
dependencies = [
 "futures-core",
 "futures-task",
 "pin-project-lite",
 "pin-utils",
]

[[package]]
name = "gcd"
version = "2.3.0"
source = "registry+https://github.com/rust-lang/crates.io-index"
checksum = "1d758ba1b47b00caf47f24925c0074ecb20d6dfcffe7f6d53395c0465674841a"

[[package]]
name = "git2"
version = "0.19.0"
source = "registry+https://github.com/rust-lang/crates.io-index"
checksum = "b903b73e45dc0c6c596f2d37eccece7c1c8bb6e4407b001096387c63d0d93724"
dependencies = [
 "bitflags 2.6.0",
 "libc",
 "libgit2-sys",
 "log",
 "url",
]

[[package]]
name = "hash32"
version = "0.2.1"
source = "registry+https://github.com/rust-lang/crates.io-index"
checksum = "b0c35f58762feb77d74ebe43bdbc3210f09be9fe6742234d573bacc26ed92b67"
dependencies = [
 "byteorder",
]

[[package]]
name = "hash32"
version = "0.3.1"
source = "registry+https://github.com/rust-lang/crates.io-index"
checksum = "47d60b12902ba28e2730cd37e95b8c9223af2808df9e902d4df49588d1470606"
dependencies = [
 "byteorder",
]

[[package]]
name = "hashbrown"
version = "0.15.0"
source = "registry+https://github.com/rust-lang/crates.io-index"
checksum = "1e087f84d4f86bf4b218b927129862374b72199ae7d8657835f1e89000eea4fb"

[[package]]
name = "heapless"
version = "0.7.17"
source = "registry+https://github.com/rust-lang/crates.io-index"
checksum = "cdc6457c0eb62c71aac4bc17216026d8410337c4126773b9c5daba343f17964f"
dependencies = [
 "atomic-polyfill",
 "hash32 0.2.1",
 "rustc_version 0.4.1",
 "serde",
 "spin",
 "stable_deref_trait",
]

[[package]]
name = "heapless"
version = "0.8.0"
source = "registry+https://github.com/rust-lang/crates.io-index"
checksum = "0bfb9eb618601c89945a70e254898da93b13be0388091d42117462b265bb3fad"
dependencies = [
 "hash32 0.3.1",
 "serde",
 "stable_deref_trait",
]

[[package]]
name = "heck"
version = "0.5.0"
source = "registry+https://github.com/rust-lang/crates.io-index"
checksum = "2304e00983f87ffb38b55b444b5e3b60a884b5d30c0fca7d82fe33449bbe55ea"

[[package]]
name = "ident_case"
version = "1.0.1"
source = "registry+https://github.com/rust-lang/crates.io-index"
checksum = "b9e0384b61958566e926dc50660321d12159025e767c18e043daf26b70104c39"

[[package]]
name = "idna"
version = "0.5.0"
source = "registry+https://github.com/rust-lang/crates.io-index"
checksum = "634d9b1461af396cad843f47fdba5597a4f9e6ddd4bfb6ff5d85028c25cb12f6"
dependencies = [
 "unicode-bidi",
 "unicode-normalization",
]

[[package]]
name = "idsp"
version = "0.15.1"
source = "registry+https://github.com/rust-lang/crates.io-index"
checksum = "99b7ec7ce4a9fa0c4801301dc2dfc836bc98ea06e8e7f04372c86cfcd171a80e"
dependencies = [
 "num-complex 0.4.6",
 "num-traits",
 "serde",
]

[[package]]
name = "indexmap"
version = "2.6.0"
source = "registry+https://github.com/rust-lang/crates.io-index"
checksum = "707907fe3c25f5424cce2cb7e1cbcafee6bdbe735ca90ef77c29e84591e5b9da"
dependencies = [
 "equivalent",
 "hashbrown",
]

[[package]]
name = "itoa"
version = "1.0.11"
source = "registry+https://github.com/rust-lang/crates.io-index"
checksum = "49f1f14873335454500d59611f1cf4a4b0f786f9ac11f4312a78e4cf2566695b"

[[package]]
name = "jobserver"
version = "0.1.32"
source = "registry+https://github.com/rust-lang/crates.io-index"
checksum = "48d1dbcbbeb6a7fec7e059840aa538bd62aaccf972c7346c4d9d2059312853d0"
dependencies = [
 "libc",
]

[[package]]
name = "libc"
version = "0.2.161"
source = "registry+https://github.com/rust-lang/crates.io-index"
checksum = "8e9489c2807c139ffd9c1794f4af0ebe86a828db53ecdc7fea2111d0fed085d1"

[[package]]
name = "libgit2-sys"
version = "0.17.0+1.8.1"
source = "registry+https://github.com/rust-lang/crates.io-index"
checksum = "10472326a8a6477c3c20a64547b0059e4b0d086869eee31e6d7da728a8eb7224"
dependencies = [
 "cc",
 "libc",
 "libz-sys",
 "pkg-config",
]

[[package]]
name = "libm"
version = "0.2.8"
source = "registry+https://github.com/rust-lang/crates.io-index"
checksum = "4ec2a862134d2a7d32d7983ddcdd1c4923530833c9f2ea1a44fc5fa473989058"

[[package]]
name = "libz-sys"
version = "1.1.20"
source = "registry+https://github.com/rust-lang/crates.io-index"
checksum = "d2d16453e800a8cf6dd2fc3eb4bc99b786a9b90c663b8559a5b1a041bf89e472"
dependencies = [
 "cc",
 "libc",
 "pkg-config",
 "vcpkg",
]

[[package]]
name = "lm75"
version = "0.2.0"
source = "registry+https://github.com/rust-lang/crates.io-index"
checksum = "f05acdc7a7d6da7b9be48c2d1de2f9757d37d3a83564aa82b4ae6d7ad15d0db6"
dependencies = [
 "embedded-hal 0.2.7",
]

[[package]]
name = "lock_api"
version = "0.4.12"
source = "registry+https://github.com/rust-lang/crates.io-index"
checksum = "07af8b9cdd281b7915f413fa73f29ebd5d55d0d3f0155584dade1ff18cea1b17"
dependencies = [
 "autocfg",
 "scopeguard",
]

[[package]]
name = "log"
version = "0.4.22"
source = "registry+https://github.com/rust-lang/crates.io-index"
checksum = "a7a70ba024b9dc04c27ea2f0c0548feb474ec5c54bba33a7f72f873a39d07b24"

[[package]]
name = "managed"
version = "0.8.0"
source = "registry+https://github.com/rust-lang/crates.io-index"
checksum = "0ca88d725a0a943b096803bd34e73a4437208b6077654cc4ecb2947a5f91618d"

[[package]]
name = "mcp230xx"
version = "1.0.1"
source = "registry+https://github.com/rust-lang/crates.io-index"
checksum = "68c07dd8a414e6055de2c7fd750c37fde0fd7844720b9198c3fcf11671050509"
dependencies = [
 "bit_field",
 "embedded-hal 0.2.7",
 "num_enum",
 "paste",
]

[[package]]
name = "menu"
version = "0.6.0"
source = "git+https://github.com/rust-embedded-community/menu.git#5b92046242bec0297811ef5b1cda38543f060250"
dependencies = [
 "embedded-io",
 "rustversion",
]

[[package]]
name = "miniconf"
version = "0.17.1"
source = "registry+https://github.com/rust-lang/crates.io-index"
checksum = "04b8f0e5e85b9aba6daeaabb5dd80ae2d97340ccfd54f6eeaf3c3c077301ccfe"
dependencies = [
 "itoa",
 "miniconf_derive",
 "postcard",
 "serde",
 "serde-json-core",
 "thiserror",
]

[[package]]
name = "miniconf_derive"
version = "0.17.0"
source = "registry+https://github.com/rust-lang/crates.io-index"
checksum = "86704131b3dad62adfcee4cc7cc314778465976e80a515b64918ee81681424ff"
dependencies = [
 "darling",
 "proc-macro2",
 "quote",
 "syn 2.0.87",
]

[[package]]
name = "miniconf_mqtt"
version = "0.17.0"
source = "registry+https://github.com/rust-lang/crates.io-index"
checksum = "4c05e73e94df6dcfce14ac82ff3ed54ce24f77030f9edb355f2b51d42e605d65"
dependencies = [
 "embedded-io",
 "heapless 0.8.0",
 "log",
 "miniconf",
 "minimq",
 "serde-json-core",
 "smlang 0.8.0",
 "strum",
]

[[package]]
name = "minimq"
version = "0.9.0"
source = "registry+https://github.com/rust-lang/crates.io-index"
checksum = "2c63955f174d014ef627e6f21dda747c24a294be94234e91ae30a9b2173784e1"
dependencies = [
 "bit_field",
 "embedded-nal",
 "embedded-time",
 "heapless 0.7.17",
 "num_enum",
 "serde",
 "smlang 0.6.0",
 "varint-rs",
]

[[package]]
name = "mono-clock"
version = "0.1.1"
source = "registry+https://github.com/rust-lang/crates.io-index"
checksum = "e1f9d58e3308e8a9fec7a9d96c6ddf7b079c95af9a9ce8dca236c1d8a64166a8"
dependencies = [
 "embedded-time",
]

[[package]]
name = "mutex-trait"
version = "0.2.0"
source = "registry+https://github.com/rust-lang/crates.io-index"
checksum = "b4bb1638d419e12f8b1c43d9e639abd0d1424285bdea2f76aa231e233c63cd3a"

[[package]]
name = "nanorand"
version = "0.7.0"
source = "registry+https://github.com/rust-lang/crates.io-index"
checksum = "6a51313c5820b0b02bd422f4b44776fbf47961755c74ce64afc73bfad10226c3"

[[package]]
name = "nb"
version = "0.1.3"
source = "registry+https://github.com/rust-lang/crates.io-index"
checksum = "801d31da0513b6ec5214e9bf433a77966320625a37860f910be265be6e18d06f"
dependencies = [
 "nb 1.1.0",
]

[[package]]
name = "nb"
version = "1.1.0"
source = "registry+https://github.com/rust-lang/crates.io-index"
checksum = "8d5439c4ad607c3c23abf66de8c8bf57ba8adcd1f129e699851a6e43935d339d"

[[package]]
name = "no-std-net"
version = "0.6.0"
source = "registry+https://github.com/rust-lang/crates.io-index"
checksum = "43794a0ace135be66a25d3ae77d41b91615fb68ae937f904090203e81f755b65"

[[package]]
name = "num"
version = "0.3.1"
source = "registry+https://github.com/rust-lang/crates.io-index"
checksum = "8b7a8e9be5e039e2ff869df49155f1c06bd01ade2117ec783e56ab0932b67a8f"
dependencies = [
 "num-complex 0.3.1",
 "num-integer",
 "num-iter",
 "num-rational",
 "num-traits",
]

[[package]]
name = "num-complex"
version = "0.3.1"
source = "registry+https://github.com/rust-lang/crates.io-index"
checksum = "747d632c0c558b87dbabbe6a82f3b4ae03720d0646ac5b7b4dae89394be5f2c5"
dependencies = [
 "num-traits",
]

[[package]]
name = "num-complex"
version = "0.4.6"
source = "registry+https://github.com/rust-lang/crates.io-index"
checksum = "73f88a1307638156682bada9d7604135552957b7818057dcef22705b4d509495"
dependencies = [
 "num-traits",
 "serde",
]

[[package]]
name = "num-integer"
version = "0.1.46"
source = "registry+https://github.com/rust-lang/crates.io-index"
checksum = "7969661fd2958a5cb096e56c8e1ad0444ac2bbcd0061bd28660485a44879858f"
dependencies = [
 "num-traits",
]

[[package]]
name = "num-iter"
version = "0.1.45"
source = "registry+https://github.com/rust-lang/crates.io-index"
checksum = "1429034a0490724d0075ebb2bc9e875d6503c3cf69e235a8941aa757d83ef5bf"
dependencies = [
 "autocfg",
 "num-integer",
 "num-traits",
]

[[package]]
name = "num-rational"
version = "0.3.2"
source = "registry+https://github.com/rust-lang/crates.io-index"
checksum = "12ac428b1cb17fce6f731001d307d351ec70a6d202fc2e60f7d4c5e42d8f4f07"
dependencies = [
 "autocfg",
 "num-integer",
 "num-traits",
]

[[package]]
name = "num-traits"
version = "0.2.19"
source = "registry+https://github.com/rust-lang/crates.io-index"
checksum = "071dfc062690e90b734c0b2273ce72ad0ffa95f0c74596bc250dcfd960262841"
dependencies = [
 "autocfg",
 "libm",
]

[[package]]
name = "num_enum"
version = "0.7.3"
source = "registry+https://github.com/rust-lang/crates.io-index"
checksum = "4e613fc340b2220f734a8595782c551f1250e969d87d3be1ae0579e8d4065179"
dependencies = [
 "num_enum_derive",
]

[[package]]
name = "num_enum_derive"
version = "0.7.3"
source = "registry+https://github.com/rust-lang/crates.io-index"
checksum = "af1844ef2428cc3e1cb900be36181049ef3d3193c63e43026cfe202983b27a56"
dependencies = [
 "proc-macro2",
 "quote",
 "syn 2.0.87",
]

[[package]]
name = "panic-persist"
version = "0.3.0"
source = "registry+https://github.com/rust-lang/crates.io-index"
checksum = "32bb382689ecd2c4d2d4df9fd56700ba8d43b7b31cca11018cc0e6f8aef39fd5"
dependencies = [
 "cortex-m",
]

[[package]]
name = "paste"
version = "1.0.15"
source = "registry+https://github.com/rust-lang/crates.io-index"
checksum = "57c0d7b74b563b49d38dae00a0c37d4d6de9b432382b2892f0574ddcae73fd0a"

[[package]]
name = "percent-encoding"
version = "2.3.1"
source = "registry+https://github.com/rust-lang/crates.io-index"
checksum = "e3148f5046208a5d56bcfc03053e3ca6334e51da8dfb19b6cdc8b306fae3283e"

[[package]]
name = "pin-project-lite"
version = "0.2.15"
source = "registry+https://github.com/rust-lang/crates.io-index"
checksum = "915a1e146535de9163f3987b8944ed8cf49a18bb0056bcebcdcece385cece4ff"

[[package]]
name = "pin-utils"
version = "0.1.0"
source = "registry+https://github.com/rust-lang/crates.io-index"
checksum = "8b870d8c151b6f2fb93e84a13146138f05d02ed11c7e7c54f8826aaaf7c9f184"

[[package]]
name = "pkg-config"
version = "0.3.31"
source = "registry+https://github.com/rust-lang/crates.io-index"
checksum = "953ec861398dccce10c670dfeaf3ec4911ca479e9c02154b3a215178c5f566f2"

[[package]]
name = "portable-atomic"
version = "1.9.0"
source = "registry+https://github.com/rust-lang/crates.io-index"
checksum = "cc9c68a3f6da06753e9335d63e27f6b9754dd1920d941135b7ea8224f141adb2"

[[package]]
name = "postcard"
version = "1.0.10"
source = "registry+https://github.com/rust-lang/crates.io-index"
checksum = "5f7f0a8d620d71c457dd1d47df76bb18960378da56af4527aaa10f515eee732e"
dependencies = [
 "cobs",
 "heapless 0.7.17",
 "serde",
]

[[package]]
name = "proc-macro-error"
version = "1.0.4"
source = "registry+https://github.com/rust-lang/crates.io-index"
checksum = "da25490ff9892aab3fcf7c36f08cfb902dd3e71ca0f9f9517bea02a73a5ce38c"
dependencies = [
 "proc-macro-error-attr",
 "proc-macro2",
 "quote",
 "syn 1.0.109",
 "version_check",
]

[[package]]
name = "proc-macro-error-attr"
version = "1.0.4"
source = "registry+https://github.com/rust-lang/crates.io-index"
checksum = "a1be40180e52ecc98ad80b184934baf3d0d29f979574e439af5a55274b35f869"
dependencies = [
 "proc-macro2",
 "quote",
 "version_check",
]

[[package]]
name = "proc-macro2"
version = "1.0.89"
source = "registry+https://github.com/rust-lang/crates.io-index"
checksum = "f139b0662de085916d1fb67d2b4169d1addddda1919e696f3252b740b629986e"
dependencies = [
 "unicode-ident",
]

[[package]]
name = "quote"
version = "1.0.37"
source = "registry+https://github.com/rust-lang/crates.io-index"
checksum = "b5b9d34b8991d19d98081b46eacdd8eb58c6f2b201139f7c5f643cc155a633af"
dependencies = [
 "proc-macro2",
]

[[package]]
name = "rand_core"
version = "0.6.4"
source = "registry+https://github.com/rust-lang/crates.io-index"
checksum = "ec0be4795e2f6a28069bec0b5ff3e2ac9bafc99e6a9a7dc3547996c5c816922c"

[[package]]
name = "rand_xorshift"
version = "0.3.0"
source = "registry+https://github.com/rust-lang/crates.io-index"
checksum = "d25bf25ec5ae4a3f1b92f929810509a2f53d7dca2f50b794ff57e3face536c8f"
dependencies = [
 "rand_core",
]

[[package]]
name = "rtic"
version = "2.1.1"
source = "registry+https://github.com/rust-lang/crates.io-index"
checksum = "c443db16326376bdd64377da268f6616d5f804aba8ce799bac7d1f7f244e9d51"
dependencies = [
 "atomic-polyfill",
 "bare-metal 1.0.0",
 "cortex-m",
 "critical-section",
 "rtic-core",
 "rtic-macros",
]

[[package]]
name = "rtic-common"
version = "1.0.0"
source = "registry+https://github.com/rust-lang/crates.io-index"
checksum = "0786b50b81ef9d2a944a000f60405bb28bf30cd45da2d182f3fe636b2321f35c"
dependencies = [
 "critical-section",
]

[[package]]
name = "rtic-core"
version = "1.0.0"
source = "registry+https://github.com/rust-lang/crates.io-index"
checksum = "d9369355b04d06a3780ec0f51ea2d225624db777acbc60abd8ca4832da5c1a42"

[[package]]
name = "rtic-macros"
version = "2.1.0"
source = "registry+https://github.com/rust-lang/crates.io-index"
checksum = "54053598ea24b1b74937724e366558412a1777eb2680b91ef646db540982789a"
dependencies = [
 "indexmap",
 "proc-macro-error",
 "proc-macro2",
 "quote",
 "syn 2.0.87",
]

[[package]]
name = "rtic-monotonics"
version = "2.0.3"
source = "registry+https://github.com/rust-lang/crates.io-index"
checksum = "f1cb90bcfdbbacf3ca37340cdab52ec2de5611c744095ef7889e9c50c233b748"
dependencies = [
 "cfg-if",
 "cortex-m",
 "fugit",
 "portable-atomic",
 "rtic-time",
]

[[package]]
name = "rtic-time"
version = "2.0.0"
source = "registry+https://github.com/rust-lang/crates.io-index"
checksum = "a7b1d853fa50dc125695414ce4510567a0d420221e455b1568cfa8c9aece9614"
dependencies = [
 "critical-section",
 "embedded-hal 1.0.0",
 "embedded-hal-async",
 "fugit",
 "futures-util",
 "rtic-common",
]

[[package]]
name = "rtt-logger"
version = "0.2.1"
source = "registry+https://github.com/rust-lang/crates.io-index"
checksum = "b2f42c228caf6eab0fe8374ef3988b9db07dbe0b12b65b4a02aaacb48b03354e"
dependencies = [
 "log",
 "rtt-target",
]

[[package]]
name = "rtt-target"
version = "0.3.1"
source = "registry+https://github.com/rust-lang/crates.io-index"
checksum = "065d6058bb1204f51a562a67209e1817cf714759d5cf845aa45c75fa7b0b9d9b"
dependencies = [
 "cortex-m",
 "ufmt-write",
]

[[package]]
name = "rustc_version"
version = "0.2.3"
source = "registry+https://github.com/rust-lang/crates.io-index"
checksum = "138e3e0acb6c9fb258b19b67cb8abd63c00679d2851805ea151465464fe9030a"
dependencies = [
 "semver 0.9.0",
]

[[package]]
name = "rustc_version"
version = "0.4.1"
source = "registry+https://github.com/rust-lang/crates.io-index"
checksum = "cfcb3a22ef46e85b45de6ee7e79d063319ebb6594faafcf1c225ea92ab6e9b92"
dependencies = [
 "semver 1.0.23",
]

[[package]]
name = "rustversion"
version = "1.0.18"
source = "registry+https://github.com/rust-lang/crates.io-index"
checksum = "0e819f2bc632f285be6d7cd36e25940d45b2391dd6d9b939e79de557f7014248"

[[package]]
name = "ryu"
version = "1.0.18"
source = "registry+https://github.com/rust-lang/crates.io-index"
checksum = "f3cb5ba0dc43242ce17de99c180e96db90b235b8a9fdc9543c96d2209116bd9f"

[[package]]
name = "scopeguard"
version = "1.2.0"
source = "registry+https://github.com/rust-lang/crates.io-index"
checksum = "94143f37725109f92c262ed2cf5e59bce7498c01bcc1502d7b9afe439a4e9f49"

[[package]]
name = "semver"
version = "0.9.0"
source = "registry+https://github.com/rust-lang/crates.io-index"
checksum = "1d7eb9ef2c18661902cc47e535f9bc51b78acd254da71d375c2f6720d9a40403"
dependencies = [
 "semver-parser",
]

[[package]]
name = "semver"
version = "1.0.23"
source = "registry+https://github.com/rust-lang/crates.io-index"
checksum = "61697e0a1c7e512e84a621326239844a24d8207b4669b41bc18b32ea5cbf988b"

[[package]]
name = "semver-parser"
version = "0.7.0"
source = "registry+https://github.com/rust-lang/crates.io-index"
checksum = "388a1df253eca08550bef6c72392cfe7c30914bf41df5269b68cbd6ff8f570a3"

[[package]]
name = "sequential-storage"
version = "3.0.1"
source = "registry+https://github.com/rust-lang/crates.io-index"
checksum = "b80693b2169b3fe0f9c68d5fae804490cc437113c0526dbabb75c01e758db597"
dependencies = [
 "embedded-storage-async",
]

[[package]]
name = "serde"
version = "1.0.215"
source = "registry+https://github.com/rust-lang/crates.io-index"
checksum = "6513c1ad0b11a9376da888e3e0baa0077f1aed55c17f50e7b2397136129fb88f"
dependencies = [
 "serde_derive",
]

[[package]]
name = "serde-json-core"
version = "0.6.0"
source = "registry+https://github.com/rust-lang/crates.io-index"
checksum = "5b81787e655bd59cecadc91f7b6b8651330b2be6c33246039a65e5cd6f4e0828"
dependencies = [
 "heapless 0.8.0",
 "ryu",
 "serde",
]

[[package]]
name = "serde_derive"
version = "1.0.215"
source = "registry+https://github.com/rust-lang/crates.io-index"
checksum = "ad1e866f866923f252f05c889987993144fb74e722403468a4ebd70c3cd756c0"
dependencies = [
 "proc-macro2",
 "quote",
 "syn 2.0.87",
]

[[package]]
name = "serde_with"
version = "3.11.0"
source = "registry+https://github.com/rust-lang/crates.io-index"
checksum = "8e28bdad6db2b8340e449f7108f020b3b092e8583a9e3fb82713e1d4e71fe817"
dependencies = [
 "serde",
 "serde_derive",
 "serde_with_macros",
]

[[package]]
name = "serde_with_macros"
version = "3.11.0"
source = "registry+https://github.com/rust-lang/crates.io-index"
checksum = "9d846214a9854ef724f3da161b426242d8de7c1fc7de2f89bb1efcb154dca79d"
dependencies = [
 "darling",
 "proc-macro2",
 "quote",
 "syn 2.0.87",
]

[[package]]
name = "serial-settings"
version = "0.1.0"
dependencies = [
 "embedded-io",
 "heapless 0.8.0",
 "log",
 "menu",
 "miniconf",
 "postcard",
 "yafnv",
]

[[package]]
name = "shared-bus"
version = "0.3.1"
source = "registry+https://github.com/rust-lang/crates.io-index"
checksum = "c6b8d3f0e34309c22ca4a9a27d24fa493e31573485f3493802b75b9d706756a6"
dependencies = [
 "atomic-polyfill",
 "cortex-m",
 "embedded-hal 0.2.7",
 "nb 1.1.0",
]

[[package]]
name = "shlex"
version = "1.3.0"
source = "registry+https://github.com/rust-lang/crates.io-index"
checksum = "0fda2ff0d084019ba4d7c6f371c95d8fd75ce3524c3cb8fb653a3023f6323e64"

[[package]]
name = "smlang"
version = "0.6.0"
source = "registry+https://github.com/rust-lang/crates.io-index"
checksum = "b62b263177e999fea25b50588d4413d1686f070d6fe986c3b2e5a7a4d2c532e9"
dependencies = [
 "smlang-macros 0.6.0",
]

[[package]]
name = "smlang"
version = "0.8.0"
source = "registry+https://github.com/rust-lang/crates.io-index"
checksum = "1de84f9f80bbe6272174e2bfdb8cf7ce4815b218038a42161c2f21c1d872c215"
dependencies = [
 "smlang-macros 0.8.0",
]

[[package]]
name = "smlang-macros"
version = "0.6.0"
source = "registry+https://github.com/rust-lang/crates.io-index"
checksum = "c682cc05cd4c0dce61656d654b1aef023e7d4b27b58834af94b31391df081469"
dependencies = [
 "proc-macro2",
 "quote",
 "syn 1.0.109",
]

[[package]]
name = "smlang-macros"
version = "0.8.0"
source = "registry+https://github.com/rust-lang/crates.io-index"
checksum = "231b4425dcc43afc7e18c34e7c6738cd252d42d91d909c948df14107c9ae79f1"
dependencies = [
 "proc-macro2",
 "quote",
 "string_morph",
 "syn 1.0.109",
]

[[package]]
name = "smoltcp"
version = "0.11.0"
source = "registry+https://github.com/rust-lang/crates.io-index"
checksum = "5a1a996951e50b5971a2c8c0fa05a381480d70a933064245c4a223ddc87ccc97"
dependencies = [
 "bitflags 1.3.2",
 "byteorder",
 "cfg-if",
 "heapless 0.8.0",
 "managed",
]

[[package]]
name = "smoltcp-nal"
version = "0.5.1"
source = "registry+https://github.com/rust-lang/crates.io-index"
checksum = "975f15c4c77e7798c236b542032891f0cafe5f2e103debe59d069d50a645ed8a"
dependencies = [
 "embedded-nal",
 "embedded-time",
 "heapless 0.7.17",
 "nanorand",
 "shared-bus",
 "smoltcp",
]

[[package]]
name = "spin"
version = "0.9.8"
source = "registry+https://github.com/rust-lang/crates.io-index"
checksum = "6980e8d7511241f8acf4aebddbb1ff938df5eebe98691418c4468d0b72a96a67"
dependencies = [
 "lock_api",
]

[[package]]
name = "stabilizer"
version = "0.10.0"
dependencies = [
 "ad9959",
 "bit_field",
 "built",
 "cortex-m",
 "cortex-m-rt",
 "embassy-futures",
 "embedded-hal 0.2.7",
 "embedded-io",
 "embedded-storage",
 "embedded-storage-async",
 "enum-iterator",
 "fugit",
 "heapless 0.8.0",
 "idsp",
 "lm75",
 "log",
 "mcp230xx",
 "miniconf",
 "miniconf_mqtt",
 "minimq",
 "mono-clock",
 "mutex-trait",
 "num_enum",
 "panic-persist",
 "paste",
 "postcard",
 "rand_core",
 "rand_xorshift",
 "rtic",
 "rtic-monotonics",
 "rtt-logger",
 "rtt-target",
 "sequential-storage",
 "serde",
 "serde-json-core",
 "serde_with",
 "serial-settings",
 "shared-bus",
 "smoltcp-nal",
 "spin",
 "stm32h7xx-hal",
 "tca9539",
 "usb-device",
 "usbd-serial",
]

[[package]]
name = "stable_deref_trait"
version = "1.2.0"
source = "registry+https://github.com/rust-lang/crates.io-index"
checksum = "a8f112729512f8e442d81f95a8a7ddf2b7c6b8a1a6f509a95864142b30cab2d3"

[[package]]
name = "stm32h7"
version = "0.15.1"
source = "registry+https://github.com/rust-lang/crates.io-index"
checksum = "362f288cd8341e9209587b889c385f323e82fc237b60c272868965bb879bb9b1"
dependencies = [
 "bare-metal 1.0.0",
 "cortex-m",
 "cortex-m-rt",
 "vcell",
]

[[package]]
name = "stm32h7xx-hal"
version = "0.16.0"
source = "registry+https://github.com/rust-lang/crates.io-index"
checksum = "3bd869329be25440b24e2b3583a1c016151b4a54bc36d96d82af7fcd9d010b98"
dependencies = [
 "bare-metal 1.0.0",
 "cast",
 "cortex-m",
 "embedded-dma",
 "embedded-hal 0.2.7",
 "embedded-storage",
 "fugit",
 "nb 1.1.0",
 "paste",
 "smoltcp",
 "stm32h7",
 "synopsys-usb-otg",
 "void",
]

[[package]]
name = "string_morph"
version = "0.1.0"
source = "registry+https://github.com/rust-lang/crates.io-index"
checksum = "183aaf7fa637cc7b5f54c45b8f7cb6e8d73831f9f75a56b6defa5bf8c51d1699"

[[package]]
name = "strsim"
version = "0.11.1"
source = "registry+https://github.com/rust-lang/crates.io-index"
checksum = "7da8b5736845d9f2fcb837ea5d9e2628564b3b043a70948a3f0b778838c5fb4f"

[[package]]
name = "strum"
version = "0.26.3"
source = "registry+https://github.com/rust-lang/crates.io-index"
checksum = "8fec0f0aef304996cf250b31b5a10dee7980c85da9d759361292b8bca5a18f06"
dependencies = [
 "strum_macros",
]

[[package]]
name = "strum_macros"
version = "0.26.4"
source = "registry+https://github.com/rust-lang/crates.io-index"
checksum = "4c6bee85a5a24955dc440386795aa378cd9cf82acd5f764469152d2270e581be"
dependencies = [
 "heck",
 "proc-macro2",
 "quote",
 "rustversion",
 "syn 2.0.87",
]

[[package]]
name = "syn"
version = "1.0.109"
source = "registry+https://github.com/rust-lang/crates.io-index"
checksum = "72b64191b275b66ffe2469e8af2c1cfe3bafa67b529ead792a6d0160888b4237"
dependencies = [
 "proc-macro2",
 "quote",
 "unicode-ident",
]

[[package]]
name = "syn"
version = "2.0.87"
source = "registry+https://github.com/rust-lang/crates.io-index"
checksum = "25aa4ce346d03a6dcd68dd8b4010bcb74e54e62c90c573f394c46eae99aba32d"
dependencies = [
 "proc-macro2",
 "quote",
 "unicode-ident",
]

[[package]]
name = "synopsys-usb-otg"
version = "0.4.0"
source = "registry+https://github.com/rust-lang/crates.io-index"
checksum = "e948d523b316939545d8b21a48c27aef150ce25321b9f95ff7978647a806a6fe"
dependencies = [
 "cortex-m",
 "embedded-hal 0.2.7",
 "usb-device",
 "vcell",
]

[[package]]
name = "tca9539"
version = "0.2.1"
source = "registry+https://github.com/rust-lang/crates.io-index"
checksum = "7b1f6d512d01017b7e056a40a4a8e6f06649ecd92832ac69d9ec24306edfbf5d"
dependencies = [
 "bit_field",
 "embedded-hal 0.2.7",
 "num_enum",
]

[[package]]
name = "thiserror"
version = "2.0.3"
source = "registry+https://github.com/rust-lang/crates.io-index"
checksum = "c006c85c7651b3cf2ada4584faa36773bd07bac24acfb39f3c431b36d7e667aa"
dependencies = [
 "thiserror-impl",
]

[[package]]
name = "thiserror-impl"
version = "2.0.3"
source = "registry+https://github.com/rust-lang/crates.io-index"
checksum = "f077553d607adc1caf65430528a576c757a71ed73944b66ebb58ef2bbd243568"
dependencies = [
 "proc-macro2",
 "quote",
 "syn 2.0.87",
]

[[package]]
name = "tinyvec"
version = "1.8.0"
source = "registry+https://github.com/rust-lang/crates.io-index"
checksum = "445e881f4f6d382d5f27c034e25eb92edd7c784ceab92a0937db7f2e9471b938"
dependencies = [
 "tinyvec_macros",
]

[[package]]
name = "tinyvec_macros"
version = "0.1.1"
source = "registry+https://github.com/rust-lang/crates.io-index"
checksum = "1f3ccbac311fea05f86f61904b462b55fb3df8837a366dfc601a0161d0532f20"

[[package]]
name = "ufmt-write"
version = "0.1.0"
source = "registry+https://github.com/rust-lang/crates.io-index"
checksum = "e87a2ed6b42ec5e28cc3b94c09982969e9227600b2e3dcbc1db927a84c06bd69"

[[package]]
name = "unicode-bidi"
version = "0.3.17"
source = "registry+https://github.com/rust-lang/crates.io-index"
checksum = "5ab17db44d7388991a428b2ee655ce0c212e862eff1768a455c58f9aad6e7893"

[[package]]
name = "unicode-ident"
version = "1.0.13"
source = "registry+https://github.com/rust-lang/crates.io-index"
checksum = "e91b56cd4cadaeb79bbf1a5645f6b4f8dc5bde8834ad5894a8db35fda9efa1fe"

[[package]]
name = "unicode-normalization"
version = "0.1.24"
source = "registry+https://github.com/rust-lang/crates.io-index"
checksum = "5033c97c4262335cded6d6fc3e5c18ab755e1a3dc96376350f3d8e9f009ad956"
dependencies = [
 "tinyvec",
]

[[package]]
name = "url"
version = "2.5.2"
source = "registry+https://github.com/rust-lang/crates.io-index"
checksum = "22784dbdf76fdde8af1aeda5622b546b422b6fc585325248a2bf9f5e41e94d6c"
dependencies = [
 "form_urlencoded",
 "idna",
 "percent-encoding",
]

[[package]]
name = "usb-device"
version = "0.3.2"
source = "registry+https://github.com/rust-lang/crates.io-index"
checksum = "98816b1accafbb09085168b90f27e93d790b4bfa19d883466b5e53315b5f06a6"
dependencies = [
 "heapless 0.8.0",
 "portable-atomic",
]

[[package]]
name = "usbd-serial"
version = "0.2.2"
source = "registry+https://github.com/rust-lang/crates.io-index"
checksum = "065e4eaf93db81d5adac82d9cef8f8da314cb640fa7f89534b972383f1cf80fc"
dependencies = [
 "embedded-hal 0.2.7",
 "embedded-io",
 "nb 1.1.0",
 "usb-device",
]

[[package]]
name = "varint-rs"
version = "2.2.0"
source = "registry+https://github.com/rust-lang/crates.io-index"
checksum = "8f54a172d0620933a27a4360d3db3e2ae0dd6cceae9730751a036bbf182c4b23"

[[package]]
name = "vcell"
version = "0.1.3"
source = "registry+https://github.com/rust-lang/crates.io-index"
checksum = "77439c1b53d2303b20d9459b1ade71a83c716e3f9c34f3228c00e6f185d6c002"

[[package]]
name = "vcpkg"
version = "0.2.15"
source = "registry+https://github.com/rust-lang/crates.io-index"
checksum = "accd4ea62f7bb7a82fe23066fb0957d48ef677f6eeb8215f372f52e48bb32426"

[[package]]
name = "version_check"
version = "0.9.5"
source = "registry+https://github.com/rust-lang/crates.io-index"
checksum = "0b928f33d975fc6ad9f86c8f283853ad26bdd5b10b7f1542aa2fa15e2289105a"

[[package]]
name = "void"
version = "1.0.2"
source = "registry+https://github.com/rust-lang/crates.io-index"
checksum = "6a02e4885ed3bc0f2de90ea6dd45ebcbb66dacffe03547fadbb0eeae2770887d"

[[package]]
name = "volatile-register"
version = "0.2.2"
source = "registry+https://github.com/rust-lang/crates.io-index"
checksum = "de437e2a6208b014ab52972a27e59b33fa2920d3e00fe05026167a1c509d19cc"
dependencies = [
 "vcell",
]

[[package]]
name = "yafnv"
version = "3.0.0"
source = "registry+https://github.com/rust-lang/crates.io-index"
checksum = "a98cd19b5e3fbcda406d58efc9f5cb2d6e82e381708d52f357b3b3cfb19559b1"
dependencies = [
 "num-traits",
]
